
Microsoft Visual Studio Solution File, Format Version 12.00
# Visual Studio 15
VisualStudioVersion = 15.0.28307.421
MinimumVisualStudioVersion = 10.0.40219.1
Project("{8BC9CEB8-8B4A-11D0-8D11-00A0C91BC942}") = "DIPCBJ", "DIPCBJ\DIPCBJ.vcxproj", "{FC78D7F5-F19A-43D6-A439-6E4E318B3B31}"
EndProject
Global
	GlobalSection(SolutionConfigurationPlatforms) = preSolution
		Debug|x64 = Debug|x64
		Debug|x86 = Debug|x86
		Release|x64 = Release|x64
		Release|x86 = Release|x86
	EndGlobalSection
	GlobalSection(ProjectConfigurationPlatforms) = postSolution
		{FC78D7F5-F19A-43D6-A439-6E4E318B3B31}.Debug|x64.ActiveCfg = Debug|x64
		{FC78D7F5-F19A-43D6-A439-6E4E318B3B31}.Debug|x64.Build.0 = Debug|x64
		{FC78D7F5-F19A-43D6-A439-6E4E318B3B31}.Debug|x86.ActiveCfg = Debug|Win32
		{FC78D7F5-F19A-43D6-A439-6E4E318B3B31}.Debug|x86.Build.0 = Debug|Win32
		{FC78D7F5-F19A-43D6-A439-6E4E318B3B31}.Release|x64.ActiveCfg = Release|x64
		{FC78D7F5-F19A-43D6-A439-6E4E318B3B31}.Release|x64.Build.0 = Release|x64
		{FC78D7F5-F19A-43D6-A439-6E4E318B3B31}.Release|x86.ActiveCfg = Release|Win32
		{FC78D7F5-F19A-43D6-A439-6E4E318B3B31}.Release|x86.Build.0 = Release|Win32
	EndGlobalSection
	GlobalSection(SolutionProperties) = preSolution
		HideSolutionNode = FALSE
	EndGlobalSection
	GlobalSection(ExtensibilityGlobals) = postSolution
		SolutionGuid = {EFD45345-C176-47F2-BFCB-F822E8F3AA8F}
	EndGlobalSection
EndGlobal
